
Microsoft Visual Studio Solution File, Format Version 12.00
# Visual Studio Version 17
VisualStudioVersion = 17.13.35806.99 d17.13
MinimumVisualStudioVersion = 10.0.40219.1
Project("{FAE04EC0-301F-11D3-BF4B-00C04F79EFBC}") = "CapaUI-Maui", "CapaUI-Maui\CapaUI-Maui.csproj", "{B9B7885F-7867-4A73-ADC4-188DDC98AF41}"
EndProject
Project("{FAE04EC0-301F-11D3-BF4B-00C04F79EFBC}") = "API", "API\API.csproj", "{38BB007E-15AB-47D1-9995-7CBE3FAEAD96}"
EndProject
Project("{FAE04EC0-301F-11D3-BF4B-00C04F79EFBC}") = "DTO", "DTO\DTO.csproj", "{AAE6F93E-0DC0-403A-8CAE-943E62D53149}"
EndProject
Project("{FAE04EC0-301F-11D3-BF4B-00C04F79EFBC}") = "CapaENT", "CapaENT\CapaENT.csproj", "{0124DA9A-C5A3-4DDC-AB73-4C38C215C4DF}"
EndProject
Project("{FAE04EC0-301F-11D3-BF4B-00C04F79EFBC}") = "CapaDAL", "CapaDAL\CapaDAL.csproj", "{8B10F77F-6272-4C2F-A802-33F2B6BFF277}"
EndProject
Project("{FAE04EC0-301F-11D3-BF4B-00C04F79EFBC}") = "CapaBL", "CapaBL\CapaBL.csproj", "{749DCC80-7BE8-42B2-A804-4DD33D0515AF}"
EndProject
Project("{FAE04EC0-301F-11D3-BF4B-00C04F79EFBC}") = "Services", "Services\Services.csproj", "{3FF54108-3170-451B-A3AC-C74AC59247B5}"
EndProject
Project("{2150E333-8FDC-42A3-9474-1A3956D46DE8}") = "Elementos de la solución", "Elementos de la solución", "{D107F4C8-89CC-BEA8-D3D7-CA6B7733353D}"
	ProjectSection(SolutionItems) = preProject
		Estructura.txt = Estructura.txt
	EndProjectSection
EndProject
Global
	GlobalSection(SolutionConfigurationPlatforms) = preSolution
		Debug|Any CPU = Debug|Any CPU
		Release|Any CPU = Release|Any CPU
	EndGlobalSection
	GlobalSection(ProjectConfigurationPlatforms) = postSolution
		{B9B7885F-7867-4A73-ADC4-188DDC98AF41}.Debug|Any CPU.ActiveCfg = Debug|Any CPU
		{B9B7885F-7867-4A73-ADC4-188DDC98AF41}.Debug|Any CPU.Build.0 = Debug|Any CPU
		{B9B7885F-7867-4A73-ADC4-188DDC98AF41}.Debug|Any CPU.Deploy.0 = Debug|Any CPU
		{B9B7885F-7867-4A73-ADC4-188DDC98AF41}.Release|Any CPU.ActiveCfg = Release|Any CPU
		{B9B7885F-7867-4A73-ADC4-188DDC98AF41}.Release|Any CPU.Build.0 = Release|Any CPU
		{B9B7885F-7867-4A73-ADC4-188DDC98AF41}.Release|Any CPU.Deploy.0 = Release|Any CPU
		{38BB007E-15AB-47D1-9995-7CBE3FAEAD96}.Debug|Any CPU.ActiveCfg = Debug|Any CPU
		{38BB007E-15AB-47D1-9995-7CBE3FAEAD96}.Debug|Any CPU.Build.0 = Debug|Any CPU
		{38BB007E-15AB-47D1-9995-7CBE3FAEAD96}.Release|Any CPU.ActiveCfg = Release|Any CPU
		{38BB007E-15AB-47D1-9995-7CBE3FAEAD96}.Release|Any CPU.Build.0 = Release|Any CPU
		{AAE6F93E-0DC0-403A-8CAE-943E62D53149}.Debug|Any CPU.ActiveCfg = Debug|Any CPU
		{AAE6F93E-0DC0-403A-8CAE-943E62D53149}.Debug|Any CPU.Build.0 = Debug|Any CPU
		{AAE6F93E-0DC0-403A-8CAE-943E62D53149}.Release|Any CPU.ActiveCfg = Release|Any CPU
		{AAE6F93E-0DC0-403A-8CAE-943E62D53149}.Release|Any CPU.Build.0 = Release|Any CPU
		{0124DA9A-C5A3-4DDC-AB73-4C38C215C4DF}.Debug|Any CPU.ActiveCfg = Debug|Any CPU
		{0124DA9A-C5A3-4DDC-AB73-4C38C215C4DF}.Debug|Any CPU.Build.0 = Debug|Any CPU
		{0124DA9A-C5A3-4DDC-AB73-4C38C215C4DF}.Release|Any CPU.ActiveCfg = Release|Any CPU
		{0124DA9A-C5A3-4DDC-AB73-4C38C215C4DF}.Release|Any CPU.Build.0 = Release|Any CPU
		{8B10F77F-6272-4C2F-A802-33F2B6BFF277}.Debug|Any CPU.ActiveCfg = Debug|Any CPU
		{8B10F77F-6272-4C2F-A802-33F2B6BFF277}.Debug|Any CPU.Build.0 = Debug|Any CPU
		{8B10F77F-6272-4C2F-A802-33F2B6BFF277}.Release|Any CPU.ActiveCfg = Release|Any CPU
		{8B10F77F-6272-4C2F-A802-33F2B6BFF277}.Release|Any CPU.Build.0 = Release|Any CPU
		{749DCC80-7BE8-42B2-A804-4DD33D0515AF}.Debug|Any CPU.ActiveCfg = Debug|Any CPU
		{749DCC80-7BE8-42B2-A804-4DD33D0515AF}.Debug|Any CPU.Build.0 = Debug|Any CPU
		{749DCC80-7BE8-42B2-A804-4DD33D0515AF}.Release|Any CPU.ActiveCfg = Release|Any CPU
		{749DCC80-7BE8-42B2-A804-4DD33D0515AF}.Release|Any CPU.Build.0 = Release|Any CPU
		{3FF54108-3170-451B-A3AC-C74AC59247B5}.Debug|Any CPU.ActiveCfg = Debug|Any CPU
		{3FF54108-3170-451B-A3AC-C74AC59247B5}.Debug|Any CPU.Build.0 = Debug|Any CPU
		{3FF54108-3170-451B-A3AC-C74AC59247B5}.Release|Any CPU.ActiveCfg = Release|Any CPU
		{3FF54108-3170-451B-A3AC-C74AC59247B5}.Release|Any CPU.Build.0 = Release|Any CPU
	EndGlobalSection
	GlobalSection(SolutionProperties) = preSolution
		HideSolutionNode = FALSE
	EndGlobalSection
	GlobalSection(ExtensibilityGlobals) = postSolution
		SolutionGuid = {85F59A54-FBF4-4846-B5FD-DE35A91F062D}
	EndGlobalSection
EndGlobal
